
Microsoft Visual Studio Solution File, Format Version 12.00
# Visual Studio 15
VisualStudioVersion = 15.0.27004.2009
MinimumVisualStudioVersion = 10.0.40219.1
Project("{FAE04EC0-301F-11D3-BF4B-00C04F79EFBC}") = "CRC", "CRC\CRC.csproj", "{1215F963-443B-4866-B93D-B13ABD2BFF11}"
EndProject
Global
	GlobalSection(SolutionConfigurationPlatforms) = preSolution
		Debug|Any CPU = Debug|Any CPU
		Release|Any CPU = Release|Any CPU
	EndGlobalSection
	GlobalSection(ProjectConfigurationPlatforms) = postSolution
		{1215F963-443B-4866-B93D-B13ABD2BFF11}.Debug|Any CPU.ActiveCfg = Debug|Any CPU
		{1215F963-443B-4866-B93D-B13ABD2BFF11}.Debug|Any CPU.Build.0 = Debug|Any CPU
		{1215F963-443B-4866-B93D-B13ABD2BFF11}.Release|Any CPU.ActiveCfg = Release|Any CPU
		{1215F963-443B-4866-B93D-B13ABD2BFF11}.Release|Any CPU.Build.0 = Release|Any CPU
	EndGlobalSection
	GlobalSection(SolutionProperties) = preSolution
		HideSolutionNode = FALSE
	EndGlobalSection
	GlobalSection(ExtensibilityGlobals) = postSolution
		SolutionGuid = {179877B3-ABC7-440F-9D89-9A40E282AB49}
	EndGlobalSection
EndGlobal
